
Microsoft Visual Studio Solution File, Format Version 12.00
# Visual Studio Version 17
VisualStudioVersion = 17.0.31903.59
MinimumVisualStudioVersion = 10.0.40219.1
Project("{FAE04EC0-301F-11D3-BF4B-00C04F79EFBC}") = "ImagelistService", "ImagelistService\ImagelistService.csproj", "{436CC83F-C3D8-43A4-A624-18E6FBC00D2D}"
EndProject
Project("{FAE04EC0-301F-11D3-BF4B-00C04F79EFBC}") = "ImagelistService.Test", "ImagelistService.Test\ImagelistService.Test.csproj", "{64082415-4EE3-4435-A75C-BC21CF023962}"
EndProject
Global
	GlobalSection(SolutionConfigurationPlatforms) = preSolution
		Debug|Any CPU = Debug|Any CPU
		Release|Any CPU = Release|Any CPU
	EndGlobalSection
	GlobalSection(SolutionProperties) = preSolution
		HideSolutionNode = FALSE
	EndGlobalSection
	GlobalSection(ProjectConfigurationPlatforms) = postSolution
		{436CC83F-C3D8-43A4-A624-18E6FBC00D2D}.Debug|Any CPU.ActiveCfg = Debug|Any CPU
		{436CC83F-C3D8-43A4-A624-18E6FBC00D2D}.Debug|Any CPU.Build.0 = Debug|Any CPU
		{436CC83F-C3D8-43A4-A624-18E6FBC00D2D}.Release|Any CPU.ActiveCfg = Release|Any CPU
		{436CC83F-C3D8-43A4-A624-18E6FBC00D2D}.Release|Any CPU.Build.0 = Release|Any CPU
		{64082415-4EE3-4435-A75C-BC21CF023962}.Debug|Any CPU.ActiveCfg = Debug|Any CPU
		{64082415-4EE3-4435-A75C-BC21CF023962}.Debug|Any CPU.Build.0 = Debug|Any CPU
		{64082415-4EE3-4435-A75C-BC21CF023962}.Release|Any CPU.ActiveCfg = Release|Any CPU
		{64082415-4EE3-4435-A75C-BC21CF023962}.Release|Any CPU.Build.0 = Release|Any CPU
	EndGlobalSection
EndGlobal
